// !$*UTF8*$!
{
	archiveVersion = 1;
	classes = {
	};
	objectVersion = 46;
	objects = {

/* Begin PBXBuildFile section */
		6315DF091B53115200884624 /* AmplifyHoverButton.m in Sources */ = {isa = PBXBuildFile; fileRef = 6315DF081B53115200884624 /* AmplifyHoverButton.m */; };
		633C89091B40952100035BFD /* AppDelegate.m in Sources */ = {isa = PBXBuildFile; fileRef = 633C89081B40952100035BFD /* AppDelegate.m */; };
		633C890B1B40952100035BFD /* main.m in Sources */ = {isa = PBXBuildFile; fileRef = 633C890A1B40952100035BFD /* main.m */; };
		633C890D1B40952100035BFD /* Images.xcassets in Resources */ = {isa = PBXBuildFile; fileRef = 633C890C1B40952100035BFD /* Images.xcassets */; };
		633C891C1B40952100035BFD /* amplifyTests.m in Sources */ = {isa = PBXBuildFile; fileRef = 633C891B1B40952100035BFD /* amplifyTests.m */; };
		637760CB1B52E83900838707 /* NSImage+Transform.m in Sources */ = {isa = PBXBuildFile; fileRef = 637760CA1B52E83900838707 /* NSImage+Transform.m */; };
		63B0132F1B49CC0600DD6EC4 /* AmplifyScrollLabel.m in Sources */ = {isa = PBXBuildFile; fileRef = 63B0132E1B49CC0600DD6EC4 /* AmplifyScrollLabel.m */; };
		63C4FB591B422A2600ECA356 /* AmplifyViewController.m in Sources */ = {isa = PBXBuildFile; fileRef = 63C4FB571B422A2600ECA356 /* AmplifyViewController.m */; };
		63C4FB5A1B422A2600ECA356 /* AmplifyViewController.xib in Resources */ = {isa = PBXBuildFile; fileRef = 63C4FB581B422A2600ECA356 /* AmplifyViewController.xib */; };
		63DD8C921B40A6DD00FBD29D /* MainMenu.xib in Resources */ = {isa = PBXBuildFile; fileRef = 63DD8C911B40A6DD00FBD29D /* MainMenu.xib */; };
		63F625B51B4B6150005D07DA /* noArtworkImage.png in Resources */ = {isa = PBXBuildFile; fileRef = 63F625B41B4B6150005D07DA /* noArtworkImage.png */; };
/* End PBXBuildFile section */

/* Begin PBXContainerItemProxy section */
		633C89161B40952100035BFD /* PBXContainerItemProxy */ = {
			isa = PBXContainerItemProxy;
			containerPortal = 633C88FA1B40952100035BFD /* Project object */;
			proxyType = 1;
			remoteGlobalIDString = 633C89011B40952100035BFD;
			remoteInfo = amplify;
		};
/* End PBXContainerItemProxy section */

/* Begin PBXFileReference section */
		6315DF071B53115200884624 /* AmplifyHoverButton.h */ = {isa = PBXFileReference; fileEncoding = 4; lastKnownFileType = sourcecode.c.h; name = AmplifyHoverButton.h; path = amplify/AmplifyHoverButton.h; sourceTree = "<group>"; };
		6315DF081B53115200884624 /* AmplifyHoverButton.m */ = {isa = PBXFileReference; fileEncoding = 4; lastKnownFileType = sourcecode.c.objc; name = AmplifyHoverButton.m; path = amplify/AmplifyHoverButton.m; sourceTree = "<group>"; };
		633C89021B40952100035BFD /* amplify.app */ = {isa = PBXFileReference; explicitFileType = wrapper.application; includeInIndex = 0; path = amplify.app; sourceTree = BUILT_PRODUCTS_DIR; };
		633C89061B40952100035BFD /* Info.plist */ = {isa = PBXFileReference; lastKnownFileType = text.plist.xml; path = Info.plist; sourceTree = "<group>"; };
		633C89071B40952100035BFD /* AppDelegate.h */ = {isa = PBXFileReference; lastKnownFileType = sourcecode.c.h; path = AppDelegate.h; sourceTree = "<group>"; };
		633C89081B40952100035BFD /* AppDelegate.m */ = {isa = PBXFileReference; lastKnownFileType = sourcecode.c.objc; path = AppDelegate.m; sourceTree = "<group>"; };
		633C890A1B40952100035BFD /* main.m */ = {isa = PBXFileReference; lastKnownFileType = sourcecode.c.objc; path = main.m; sourceTree = "<group>"; };
		633C890C1B40952100035BFD /* Images.xcassets */ = {isa = PBXFileReference; lastKnownFileType = folder.assetcatalog; path = Images.xcassets; sourceTree = "<group>"; };
		633C89151B40952100035BFD /* amplifyTests.xctest */ = {isa = PBXFileReference; explicitFileType = wrapper.cfbundle; includeInIndex = 0; path = amplifyTests.xctest; sourceTree = BUILT_PRODUCTS_DIR; };
		633C891A1B40952100035BFD /* Info.plist */ = {isa = PBXFileReference; lastKnownFileType = text.plist.xml; path = Info.plist; sourceTree = "<group>"; };
		633C891B1B40952100035BFD /* amplifyTests.m */ = {isa = PBXFileReference; lastKnownFileType = sourcecode.c.objc; path = amplifyTests.m; sourceTree = "<group>"; };
		633C89251B40980300035BFD /* Spotify.h */ = {isa = PBXFileReference; fileEncoding = 4; lastKnownFileType = sourcecode.c.h; path = Spotify.h; sourceTree = "<group>"; };
		637760C91B52E83900838707 /* NSImage+Transform.h */ = {isa = PBXFileReference; fileEncoding = 4; lastKnownFileType = sourcecode.c.h; path = "NSImage+Transform.h"; sourceTree = "<group>"; };
		637760CA1B52E83900838707 /* NSImage+Transform.m */ = {isa = PBXFileReference; fileEncoding = 4; lastKnownFileType = sourcecode.c.objc; path = "NSImage+Transform.m"; sourceTree = "<group>"; };
		63B0132D1B49CC0600DD6EC4 /* AmplifyScrollLabel.h */ = {isa = PBXFileReference; fileEncoding = 4; lastKnownFileType = sourcecode.c.h; name = AmplifyScrollLabel.h; path = amplify/AmplifyScrollLabel.h; sourceTree = "<group>"; };
		63B0132E1B49CC0600DD6EC4 /* AmplifyScrollLabel.m */ = {isa = PBXFileReference; fileEncoding = 4; lastKnownFileType = sourcecode.c.objc; name = AmplifyScrollLabel.m; path = amplify/AmplifyScrollLabel.m; sourceTree = "<group>"; };
		63C4FB561B422A2600ECA356 /* AmplifyViewController.h */ = {isa = PBXFileReference; fileEncoding = 4; lastKnownFileType = sourcecode.c.h; path = AmplifyViewController.h; sourceTree = "<group>"; };
		63C4FB571B422A2600ECA356 /* AmplifyViewController.m */ = {isa = PBXFileReference; fileEncoding = 4; lastKnownFileType = sourcecode.c.objc; path = AmplifyViewController.m; sourceTree = "<group>"; };
		63C4FB581B422A2600ECA356 /* AmplifyViewController.xib */ = {isa = PBXFileReference; fileEncoding = 4; lastKnownFileType = file.xib; path = AmplifyViewController.xib; sourceTree = "<group>"; };
		63DD8C911B40A6DD00FBD29D /* MainMenu.xib */ = {isa = PBXFileReference; fileEncoding = 4; lastKnownFileType = file.xib; path = MainMenu.xib; sourceTree = "<group>"; };
		63F625B41B4B6150005D07DA /* noArtworkImage.png */ = {isa = PBXFileReference; lastKnownFileType = image.png; path = noArtworkImage.png; sourceTree = "<group>"; };
/* End PBXFileReference section */

/* Begin PBXFrameworksBuildPhase section */
		633C88FF1B40952100035BFD /* Frameworks */ = {
			isa = PBXFrameworksBuildPhase;
			buildActionMask = 2147483647;
			files = (
			);
			runOnlyForDeploymentPostprocessing = 0;
		};
		633C89121B40952100035BFD /* Frameworks */ = {
			isa = PBXFrameworksBuildPhase;
			buildActionMask = 2147483647;
			files = (
			);
			runOnlyForDeploymentPostprocessing = 0;
		};
/* End PBXFrameworksBuildPhase section */

/* Begin PBXGroup section */
		6315DF061B52F5CF00884624 /* Views */ = {
			isa = PBXGroup;
			children = (
				63B0132D1B49CC0600DD6EC4 /* AmplifyScrollLabel.h */,
				63B0132E1B49CC0600DD6EC4 /* AmplifyScrollLabel.m */,
				6315DF071B53115200884624 /* AmplifyHoverButton.h */,
				6315DF081B53115200884624 /* AmplifyHoverButton.m */,
			);
			name = Views;
			path = ..;
			sourceTree = "<group>";
		};
		633C88F91B40952100035BFD = {
			isa = PBXGroup;
			children = (
				633C89041B40952100035BFD /* amplify */,
				633C89181B40952100035BFD /* amplifyTests */,
				633C89031B40952100035BFD /* Products */,
			);
			sourceTree = "<group>";
		};
		633C89031B40952100035BFD /* Products */ = {
			isa = PBXGroup;
			children = (
				633C89021B40952100035BFD /* amplify.app */,
				633C89151B40952100035BFD /* amplifyTests.xctest */,
			);
			name = Products;
			sourceTree = "<group>";
		};
		633C89041B40952100035BFD /* amplify */ = {
			isa = PBXGroup;
			children = (
				637760C81B52E80A00838707 /* Categories */,
				6315DF061B52F5CF00884624 /* Views */,
				633C89251B40980300035BFD /* Spotify.h */,
				633C89071B40952100035BFD /* AppDelegate.h */,
				633C89081B40952100035BFD /* AppDelegate.m */,
				633C890C1B40952100035BFD /* Images.xcassets */,
				633C89051B40952100035BFD /* Supporting Files */,
				63DD8C911B40A6DD00FBD29D /* MainMenu.xib */,
				63C4FB561B422A2600ECA356 /* AmplifyViewController.h */,
				63C4FB571B422A2600ECA356 /* AmplifyViewController.m */,
				63C4FB581B422A2600ECA356 /* AmplifyViewController.xib */,
			);
			path = amplify;
			sourceTree = "<group>";
		};
		633C89051B40952100035BFD /* Supporting Files */ = {
			isa = PBXGroup;
			children = (
				63F625B31B4B612E005D07DA /* Images */,
				633C89061B40952100035BFD /* Info.plist */,
				633C890A1B40952100035BFD /* main.m */,
			);
			name = "Supporting Files";
			sourceTree = "<group>";
		};
		633C89181B40952100035BFD /* amplifyTests */ = {
			isa = PBXGroup;
			children = (
				633C891B1B40952100035BFD /* amplifyTests.m */,
				633C89191B40952100035BFD /* Supporting Files */,
			);
			path = amplifyTests;
			sourceTree = "<group>";
		};
		633C89191B40952100035BFD /* Supporting Files */ = {
			isa = PBXGroup;
			children = (
				633C891A1B40952100035BFD /* Info.plist */,
			);
			name = "Supporting Files";
			sourceTree = "<group>";
		};
		637760C81B52E80A00838707 /* Categories */ = {
			isa = PBXGroup;
			children = (
				637760C91B52E83900838707 /* NSImage+Transform.h */,
				637760CA1B52E83900838707 /* NSImage+Transform.m */,
			);
			name = Categories;
			sourceTree = "<group>";
		};
		63F625B31B4B612E005D07DA /* Images */ = {
			isa = PBXGroup;
			children = (
				63F625B41B4B6150005D07DA /* noArtworkImage.png */,
			);
			name = Images;
			sourceTree = "<group>";
		};
/* End PBXGroup section */

/* Begin PBXNativeTarget section */
		633C89011B40952100035BFD /* amplify */ = {
			isa = PBXNativeTarget;
			buildConfigurationList = 633C891F1B40952100035BFD /* Build configuration list for PBXNativeTarget "amplify" */;
			buildPhases = (
				633C88FE1B40952100035BFD /* Sources */,
				633C88FF1B40952100035BFD /* Frameworks */,
				633C89001B40952100035BFD /* Resources */,
			);
			buildRules = (
			);
			dependencies = (
			);
			name = amplify;
			productName = amplify;
			productReference = 633C89021B40952100035BFD /* amplify.app */;
			productType = "com.apple.product-type.application";
		};
		633C89141B40952100035BFD /* amplifyTests */ = {
			isa = PBXNativeTarget;
			buildConfigurationList = 633C89221B40952100035BFD /* Build configuration list for PBXNativeTarget "amplifyTests" */;
			buildPhases = (
				633C89111B40952100035BFD /* Sources */,
				633C89121B40952100035BFD /* Frameworks */,
				633C89131B40952100035BFD /* Resources */,
			);
			buildRules = (
			);
			dependencies = (
				633C89171B40952100035BFD /* PBXTargetDependency */,
			);
			name = amplifyTests;
			productName = amplifyTests;
			productReference = 633C89151B40952100035BFD /* amplifyTests.xctest */;
			productType = "com.apple.product-type.bundle.unit-test";
		};
/* End PBXNativeTarget section */

/* Begin PBXProject section */
		633C88FA1B40952100035BFD /* Project object */ = {
			isa = PBXProject;
			attributes = {
				LastUpgradeCheck = 0630;
				ORGANIZATIONNAME = "Ezra Zigmond";
				TargetAttributes = {
					633C89011B40952100035BFD = {
						CreatedOnToolsVersion = 6.3.2;
					};
					633C89141B40952100035BFD = {
						CreatedOnToolsVersion = 6.3.2;
						TestTargetID = 633C89011B40952100035BFD;
					};
				};
			};
			buildConfigurationList = 633C88FD1B40952100035BFD /* Build configuration list for PBXProject "amplify" */;
			compatibilityVersion = "Xcode 3.2";
			developmentRegion = English;
			hasScannedForEncodings = 0;
			knownRegions = (
				en,
			);
			mainGroup = 633C88F91B40952100035BFD;
			productRefGroup = 633C89031B40952100035BFD /* Products */;
			projectDirPath = "";
			projectRoot = "";
			targets = (
				633C89011B40952100035BFD /* amplify */,
				633C89141B40952100035BFD /* amplifyTests */,
			);
		};
/* End PBXProject section */

/* Begin PBXResourcesBuildPhase section */
		633C89001B40952100035BFD /* Resources */ = {
			isa = PBXResourcesBuildPhase;
			buildActionMask = 2147483647;
			files = (
				633C890D1B40952100035BFD /* Images.xcassets in Resources */,
				63DD8C921B40A6DD00FBD29D /* MainMenu.xib in Resources */,
				63C4FB5A1B422A2600ECA356 /* AmplifyViewController.xib in Resources */,
				63F625B51B4B6150005D07DA /* noArtworkImage.png in Resources */,
			);
			runOnlyForDeploymentPostprocessing = 0;
		};
		633C89131B40952100035BFD /* Resources */ = {
			isa = PBXResourcesBuildPhase;
			buildActionMask = 2147483647;
			files = (
			);
			runOnlyForDeploymentPostprocessing = 0;
		};
/* End PBXResourcesBuildPhase section */

/* Begin PBXSourcesBuildPhase section */
		633C88FE1B40952100035BFD /* Sources */ = {
			isa = PBXSourcesBuildPhase;
			buildActionMask = 2147483647;
			files = (
				63B0132F1B49CC0600DD6EC4 /* AmplifyScrollLabel.m in Sources */,
				637760CB1B52E83900838707 /* NSImage+Transform.m in Sources */,
				633C890B1B40952100035BFD /* main.m in Sources */,
				633C89091B40952100035BFD /* AppDelegate.m in Sources */,
				63C4FB591B422A2600ECA356 /* AmplifyViewController.m in Sources */,
				6315DF091B53115200884624 /* AmplifyHoverButton.m in Sources */,
			);
			runOnlyForDeploymentPostprocessing = 0;
		};
		633C89111B40952100035BFD /* Sources */ = {
			isa = PBXSourcesBuildPhase;
			buildActionMask = 2147483647;
			files = (
				633C891C1B40952100035BFD /* amplifyTests.m in Sources */,
			);
			runOnlyForDeploymentPostprocessing = 0;
		};
/* End PBXSourcesBuildPhase section */

/* Begin PBXTargetDependency section */
		633C89171B40952100035BFD /* PBXTargetDependency */ = {
			isa = PBXTargetDependency;
			target = 633C89011B40952100035BFD /* amplify */;
			targetProxy = 633C89161B40952100035BFD /* PBXContainerItemProxy */;
		};
/* End PBXTargetDependency section */

/* Begin XCBuildConfiguration section */
		633C891D1B40952100035BFD /* Debug */ = {
			isa = XCBuildConfiguration;
			buildSettings = {
				ALWAYS_SEARCH_USER_PATHS = NO;
				CLANG_CXX_LANGUAGE_STANDARD = "gnu++0x";
				CLANG_CXX_LIBRARY = "libc++";
				CLANG_ENABLE_MODULES = YES;
				CLANG_ENABLE_OBJC_ARC = YES;
				CLANG_WARN_BOOL_CONVERSION = YES;
				CLANG_WARN_CONSTANT_CONVERSION = YES;
				CLANG_WARN_DIRECT_OBJC_ISA_USAGE = YES_ERROR;
				CLANG_WARN_EMPTY_BODY = YES;
				CLANG_WARN_ENUM_CONVERSION = YES;
				CLANG_WARN_INT_CONVERSION = YES;
				CLANG_WARN_OBJC_ROOT_CLASS = YES_ERROR;
				CLANG_WARN_UNREACHABLE_CODE = YES;
				CLANG_WARN__DUPLICATE_METHOD_MATCH = YES;
				CODE_SIGN_IDENTITY = "-";
				COPY_PHASE_STRIP = NO;
				DEBUG_INFORMATION_FORMAT = dwarf;
				ENABLE_STRICT_OBJC_MSGSEND = YES;
				GCC_C_LANGUAGE_STANDARD = gnu99;
				GCC_DYNAMIC_NO_PIC = NO;
				GCC_NO_COMMON_BLOCKS = YES;
				GCC_OPTIMIZATION_LEVEL = 0;
				GCC_PREPROCESSOR_DEFINITIONS = (
					"DEBUG=1",
					"$(inherited)",
				);
				GCC_SYMBOLS_PRIVATE_EXTERN = NO;
				GCC_WARN_64_TO_32_BIT_CONVERSION = YES;
				GCC_WARN_ABOUT_RETURN_TYPE = YES_ERROR;
				GCC_WARN_UNDECLARED_SELECTOR = YES;
				GCC_WARN_UNINITIALIZED_AUTOS = YES_AGGRESSIVE;
				GCC_WARN_UNUSED_FUNCTION = YES;
				GCC_WARN_UNUSED_VARIABLE = YES;
				MACOSX_DEPLOYMENT_TARGET = 10.7;
				MTL_ENABLE_DEBUG_INFO = YES;
				ONLY_ACTIVE_ARCH = YES;
				SDKROOT = macosx;
			};
			name = Debug;
		};
		633C891E1B40952100035BFD /* Release */ = {
			isa = XCBuildConfiguration;
			buildSettings = {
				ALWAYS_SEARCH_USER_PATHS = NO;
				CLANG_CXX_LANGUAGE_STANDARD = "gnu++0x";
				CLANG_CXX_LIBRARY = "libc++";
				CLANG_ENABLE_MODULES = YES;
				CLANG_ENABLE_OBJC_ARC = YES;
				CLANG_WARN_BOOL_CONVERSION = YES;
				CLANG_WARN_CONSTANT_CONVERSION = YES;
				CLANG_WARN_DIRECT_OBJC_ISA_USAGE = YES_ERROR;
				CLANG_WARN_EMPTY_BODY = YES;
				CLANG_WARN_ENUM_CONVERSION = YES;
				CLANG_WARN_INT_CONVERSION = YES;
				CLANG_WARN_OBJC_ROOT_CLASS = YES_ERROR;
				CLANG_WARN_UNREACHABLE_CODE = YES;
				CLANG_WARN__DUPLICATE_METHOD_MATCH = YES;
				CODE_SIGN_IDENTITY = "-";
				COPY_PHASE_STRIP = NO;
				DEBUG_INFORMATION_FORMAT = "dwarf-with-dsym";
				ENABLE_NS_ASSERTIONS = NO;
				ENABLE_STRICT_OBJC_MSGSEND = YES;
				GCC_C_LANGUAGE_STANDARD = gnu99;
				GCC_NO_COMMON_BLOCKS = YES;
				GCC_WARN_64_TO_32_BIT_CONVERSION = YES;
				GCC_WARN_ABOUT_RETURN_TYPE = YES_ERROR;
				GCC_WARN_UNDECLARED_SELECTOR = YES;
				GCC_WARN_UNINITIALIZED_AUTOS = YES_AGGRESSIVE;
				GCC_WARN_UNUSED_FUNCTION = YES;
				GCC_WARN_UNUSED_VARIABLE = YES;
				MACOSX_DEPLOYMENT_TARGET = 10.7;
				MTL_ENABLE_DEBUG_INFO = NO;
				SDKROOT = macosx;
			};
			name = Release;
		};
		633C89201B40952100035BFD /* Debug */ = {
			isa = XCBuildConfiguration;
			buildSettings = {
				ASSETCATALOG_COMPILER_APPICON_NAME = AppIcon;
				COMBINE_HIDPI_IMAGES = YES;
				INFOPLIST_FILE = amplify/Info.plist;
				LD_RUNPATH_SEARCH_PATHS = "$(inherited) @executable_path/../Frameworks";
				MACOSX_DEPLOYMENT_TARGET = 10.7;
				PRODUCT_NAME = "$(TARGET_NAME)";
			};
			name = Debug;
		};
		633C89211B40952100035BFD /* Release */ = {
			isa = XCBuildConfiguration;
			buildSettings = {
				ASSETCATALOG_COMPILER_APPICON_NAME = AppIcon;
				COMBINE_HIDPI_IMAGES = YES;
				INFOPLIST_FILE = amplify/Info.plist;
				LD_RUNPATH_SEARCH_PATHS = "$(inherited) @executable_path/../Frameworks";
				MACOSX_DEPLOYMENT_TARGET = 10.7;
				PRODUCT_NAME = "$(TARGET_NAME)";
			};
			name = Release;
		};
		633C89231B40952100035BFD /* Debug */ = {
			isa = XCBuildConfiguration;
			buildSettings = {
				BUNDLE_LOADER = "$(TEST_HOST)";
				COMBINE_HIDPI_IMAGES = YES;
				FRAMEWORK_SEARCH_PATHS = (
					"$(DEVELOPER_FRAMEWORKS_DIR)",
					"$(inherited)",
				);
				GCC_PREPROCESSOR_DEFINITIONS = (
					"DEBUG=1",
					"$(inherited)",
				);
				INFOPLIST_FILE = amplifyTests/Info.plist;
				LD_RUNPATH_SEARCH_PATHS = "$(inherited) @executable_path/../Frameworks @loader_path/../Frameworks";
				PRODUCT_NAME = "$(TARGET_NAME)";
				TEST_HOST = "$(BUILT_PRODUCTS_DIR)/amplify.app/Contents/MacOS/amplify";
			};
			name = Debug;
		};
		633C89241B40952100035BFD /* Release */ = {
			isa = XCBuildConfiguration;
			buildSettings = {
				BUNDLE_LOADER = "$(TEST_HOST)";
				COMBINE_HIDPI_IMAGES = YES;
				FRAMEWORK_SEARCH_PATHS = (
					"$(DEVELOPER_FRAMEWORKS_DIR)",
					"$(inherited)",
				);
				INFOPLIST_FILE = amplifyTests/Info.plist;
				LD_RUNPATH_SEARCH_PATHS = "$(inherited) @executable_path/../Frameworks @loader_path/../Frameworks";
				PRODUCT_NAME = "$(TARGET_NAME)";
				TEST_HOST = "$(BUILT_PRODUCTS_DIR)/amplify.app/Contents/MacOS/amplify";
			};
			name = Release;
		};
/* End XCBuildConfiguration section */

/* Begin XCConfigurationList section */
		633C88FD1B40952100035BFD /* Build configuration list for PBXProject "amplify" */ = {
			isa = XCConfigurationList;
			buildConfigurations = (
				633C891D1B40952100035BFD /* Debug */,
				633C891E1B40952100035BFD /* Release */,
			);
			defaultConfigurationIsVisible = 0;
			defaultConfigurationName = Release;
		};
		633C891F1B40952100035BFD /* Build configuration list for PBXNativeTarget "amplify" */ = {
			isa = XCConfigurationList;
			buildConfigurations = (
				633C89201B40952100035BFD /* Debug */,
				633C89211B40952100035BFD /* Release */,
			);
			defaultConfigurationIsVisible = 0;
			defaultConfigurationName = Release;
		};
		633C89221B40952100035BFD /* Build configuration list for PBXNativeTarget "amplifyTests" */ = {
			isa = XCConfigurationList;
			buildConfigurations = (
				633C89231B40952100035BFD /* Debug */,
				633C89241B40952100035BFD /* Release */,
			);
			defaultConfigurationIsVisible = 0;
			defaultConfigurationName = Release;
		};
/* End XCConfigurationList section */
	};
	rootObject = 633C88FA1B40952100035BFD /* Project object */;
}
